
Microsoft Visual Studio Solution File, Format Version 12.00
# Visual Studio 14
VisualStudioVersion = 14.0.25420.1
MinimumVisualStudioVersion = 10.0.40219.1
Project("{FAE04EC0-301F-11D3-BF4B-00C04F79EFBC}") = "BlogApp.Model", "BlogApp.Model\BlogApp.Model.csproj", "{9E15054B-70FD-4899-87AB-6F277E0C2075}"
EndProject
Project("{FAE04EC0-301F-11D3-BF4B-00C04F79EFBC}") = "BlogApp.DAO", "BlogApp.DAO\BlogApp.DAO.csproj", "{E8587076-5369-4954-BEF6-88221489C777}"
EndProject
Project("{FAE04EC0-301F-11D3-BF4B-00C04F79EFBC}") = "BlogApp.Business", "BlogApp.Business\BlogApp.Business.csproj", "{2DAFDF79-5D8C-4BAB-85DC-239CC8ED3F04}"
EndProject
Project("{FAE04EC0-301F-11D3-BF4B-00C04F79EFBC}") = "BlogApp.Common", "BlogApp.Common\BlogApp.Common.csproj", "{32BC3E2F-A435-4125-A0F2-F6321F98625A}"
EndProject
Project("{FAE04EC0-301F-11D3-BF4B-00C04F79EFBC}") = "BlogApp.Admin", "BlogApp.Admin\BlogApp.Admin.csproj", "{6430760C-7957-48D0-B9CF-755B1521A3B4}"
EndProject
Project("{FAE04EC0-301F-11D3-BF4B-00C04F79EFBC}") = "BlogApp.DAO.Interfaces", "BlogApp.DAO.Interfaces\BlogApp.DAO.Interfaces.csproj", "{7A8FAB45-A101-44CB-8DB3-D5B39D10F7E1}"
EndProject
Project("{FAE04EC0-301F-11D3-BF4B-00C04F79EFBC}") = "BlogApp.Dapper.DAO", "BlogApp.Dapper.DAO\BlogApp.Dapper.DAO.csproj", "{60B55656-036F-4252-9A20-84AD3F788F07}"
EndProject
Project("{2150E333-8FDC-42A3-9474-1A3956D46DE8}") = "Core", "Core", "{5AF75DC7-EFB0-4FE3-AE50-D5C9BCDE519C}"
EndProject
Project("{2150E333-8FDC-42A3-9474-1A3956D46DE8}") = "AdminUI", "AdminUI", "{65909BF2-A76B-4DF0-985A-971F2CD45B91}"
EndProject
Project("{2150E333-8FDC-42A3-9474-1A3956D46DE8}") = "Common", "Common", "{EE3D8CB0-9F3A-45FB-AEA8-E0EA8BEF22DA}"
EndProject
Project("{2150E333-8FDC-42A3-9474-1A3956D46DE8}") = "Repository", "Repository", "{6BCE21FA-8E59-4B71-A8C0-1D44A151EB0A}"
EndProject
Project("{2150E333-8FDC-42A3-9474-1A3956D46DE8}") = "Specs", "Specs", "{4ACE316A-740F-41A1-B754-85DF9486484B}"
EndProject
Project("{2150E333-8FDC-42A3-9474-1A3956D46DE8}") = "Specs", "Specs", "{441D3137-4E7C-4085-A729-85583757B8B3}"
EndProject
Global
	GlobalSection(SolutionConfigurationPlatforms) = preSolution
		Debug|Any CPU = Debug|Any CPU
		Release|Any CPU = Release|Any CPU
	EndGlobalSection
	GlobalSection(ProjectConfigurationPlatforms) = postSolution
		{9E15054B-70FD-4899-87AB-6F277E0C2075}.Debug|Any CPU.ActiveCfg = Debug|Any CPU
		{9E15054B-70FD-4899-87AB-6F277E0C2075}.Debug|Any CPU.Build.0 = Debug|Any CPU
		{9E15054B-70FD-4899-87AB-6F277E0C2075}.Release|Any CPU.ActiveCfg = Release|Any CPU
		{9E15054B-70FD-4899-87AB-6F277E0C2075}.Release|Any CPU.Build.0 = Release|Any CPU
		{E8587076-5369-4954-BEF6-88221489C777}.Debug|Any CPU.ActiveCfg = Debug|Any CPU
		{E8587076-5369-4954-BEF6-88221489C777}.Debug|Any CPU.Build.0 = Debug|Any CPU
		{E8587076-5369-4954-BEF6-88221489C777}.Release|Any CPU.ActiveCfg = Release|Any CPU
		{E8587076-5369-4954-BEF6-88221489C777}.Release|Any CPU.Build.0 = Release|Any CPU
		{2DAFDF79-5D8C-4BAB-85DC-239CC8ED3F04}.Debug|Any CPU.ActiveCfg = Debug|Any CPU
		{2DAFDF79-5D8C-4BAB-85DC-239CC8ED3F04}.Debug|Any CPU.Build.0 = Debug|Any CPU
		{2DAFDF79-5D8C-4BAB-85DC-239CC8ED3F04}.Release|Any CPU.ActiveCfg = Release|Any CPU
		{2DAFDF79-5D8C-4BAB-85DC-239CC8ED3F04}.Release|Any CPU.Build.0 = Release|Any CPU
		{32BC3E2F-A435-4125-A0F2-F6321F98625A}.Debug|Any CPU.ActiveCfg = Debug|Any CPU
		{32BC3E2F-A435-4125-A0F2-F6321F98625A}.Debug|Any CPU.Build.0 = Debug|Any CPU
		{32BC3E2F-A435-4125-A0F2-F6321F98625A}.Release|Any CPU.ActiveCfg = Release|Any CPU
		{32BC3E2F-A435-4125-A0F2-F6321F98625A}.Release|Any CPU.Build.0 = Release|Any CPU
		{6430760C-7957-48D0-B9CF-755B1521A3B4}.Debug|Any CPU.ActiveCfg = Debug|Any CPU
		{6430760C-7957-48D0-B9CF-755B1521A3B4}.Debug|Any CPU.Build.0 = Debug|Any CPU
		{6430760C-7957-48D0-B9CF-755B1521A3B4}.Release|Any CPU.ActiveCfg = Release|Any CPU
		{6430760C-7957-48D0-B9CF-755B1521A3B4}.Release|Any CPU.Build.0 = Release|Any CPU
		{7A8FAB45-A101-44CB-8DB3-D5B39D10F7E1}.Debug|Any CPU.ActiveCfg = Debug|Any CPU
		{7A8FAB45-A101-44CB-8DB3-D5B39D10F7E1}.Debug|Any CPU.Build.0 = Debug|Any CPU
		{7A8FAB45-A101-44CB-8DB3-D5B39D10F7E1}.Release|Any CPU.ActiveCfg = Release|Any CPU
		{7A8FAB45-A101-44CB-8DB3-D5B39D10F7E1}.Release|Any CPU.Build.0 = Release|Any CPU
		{60B55656-036F-4252-9A20-84AD3F788F07}.Debug|Any CPU.ActiveCfg = Debug|Any CPU
		{60B55656-036F-4252-9A20-84AD3F788F07}.Debug|Any CPU.Build.0 = Debug|Any CPU
		{60B55656-036F-4252-9A20-84AD3F788F07}.Release|Any CPU.ActiveCfg = Release|Any CPU
		{60B55656-036F-4252-9A20-84AD3F788F07}.Release|Any CPU.Build.0 = Release|Any CPU
	EndGlobalSection
	GlobalSection(SolutionProperties) = preSolution
		HideSolutionNode = FALSE
	EndGlobalSection
	GlobalSection(NestedProjects) = preSolution
		{9E15054B-70FD-4899-87AB-6F277E0C2075} = {5AF75DC7-EFB0-4FE3-AE50-D5C9BCDE519C}
		{E8587076-5369-4954-BEF6-88221489C777} = {6BCE21FA-8E59-4B71-A8C0-1D44A151EB0A}
		{2DAFDF79-5D8C-4BAB-85DC-239CC8ED3F04} = {5AF75DC7-EFB0-4FE3-AE50-D5C9BCDE519C}
		{32BC3E2F-A435-4125-A0F2-F6321F98625A} = {EE3D8CB0-9F3A-45FB-AEA8-E0EA8BEF22DA}
		{6430760C-7957-48D0-B9CF-755B1521A3B4} = {65909BF2-A76B-4DF0-985A-971F2CD45B91}
		{7A8FAB45-A101-44CB-8DB3-D5B39D10F7E1} = {6BCE21FA-8E59-4B71-A8C0-1D44A151EB0A}
		{60B55656-036F-4252-9A20-84AD3F788F07} = {6BCE21FA-8E59-4B71-A8C0-1D44A151EB0A}
		{4ACE316A-740F-41A1-B754-85DF9486484B} = {6BCE21FA-8E59-4B71-A8C0-1D44A151EB0A}
		{441D3137-4E7C-4085-A729-85583757B8B3} = {5AF75DC7-EFB0-4FE3-AE50-D5C9BCDE519C}
	EndGlobalSection
EndGlobal
